github.com/purringChaos/libKitteh v0.0.0-20200622113928-327ee745d797 h1:NrEYlXYGXKMOvFrPXNkyjGNzo7SqmJWe4DoVSi1Aq+w=
github.com/purringChaos/libKitteh v0.0.0-20200622113928-327ee745d797/go.mod h1:AbITxJYIYXFcopdHsBF0k466RKbnnKMzYkUqqLnRRTk=
github.com/shirou/gopsutil v2.20.6-0.20200621123649-b806400ff09a+incompatible h1:ySGqowQJjwRo+734zFJQ4LrOFXt1ikzplhSYMpbEbBo=
github.com/shirou/gopsutil v2.20.6-0.20200621123649-b806400ff09a+incompatible/go.mod h1:5b4v6he4MtMOwMlS0TUMTu2PcXUg8+E1lC7eC3UO/RA=
